
Microsoft Visual Studio Solution File, Format Version 12.00
# Visual Studio 2013
VisualStudioVersion = 12.0.30501.0
MinimumVisualStudioVersion = 10.0.40219.1
Project("{2150E333-8FDC-42A3-9474-1A3956D46DE8}") = ".nuget", ".nuget", "{4F9E338C-45F7-40EF-A7D2-793F392263ED}"
	ProjectSection(SolutionItems) = preProject
		.nuget\NuGet.Config = .nuget\NuGet.Config
		.nuget\NuGet.exe = .nuget\NuGet.exe
		.nuget\NuGet.targets = .nuget\NuGet.targets
	EndProjectSection
EndProject
Project("{FAE04EC0-301F-11D3-BF4B-00C04F79EFBC}") = "Checkout.ApiClient.Net45", "Checkout.ApiClient.Net45\Checkout.ApiClient.Net45.csproj", "{1C69B996-8AB6-4BA2-A5AE-58A350CBB34B}"
EndProject
Project("{FAE04EC0-301F-11D3-BF4B-00C04F79EFBC}") = "Checkout.ApiClient.Net45.Tests", "Checkout.ApiClient.Tests\Checkout.ApiClient.Net45.Tests.csproj", "{EC891A3C-20BF-4AB7-9B39-6C4120F99EB2}"
EndProject
Project("{E24C65DC-7377-472B-9ABA-BC803B73C61A}") = "jssolution", "http://localhost:51303", "{1DD8C7C2-C292-45DD-843D-BB78A5B3D701}"
	ProjectSection(WebsiteProperties) = preProject
		UseIISExpress = "true"
		TargetFrameworkMoniker = ".NETFramework,Version%3Dv4.5"
		Debug.AspNetCompiler.VirtualPath = "/localhost_51982"
		Debug.AspNetCompiler.PhysicalPath = "..\backup\github.checkout-net-library-master - 201512170955\jssolution\"
		Debug.AspNetCompiler.TargetPath = "PrecompiledWeb\localhost_51982\"
		Debug.AspNetCompiler.Updateable = "true"
		Debug.AspNetCompiler.ForceOverwrite = "true"
		Debug.AspNetCompiler.FixedNames = "false"
		Debug.AspNetCompiler.Debug = "True"
		Release.AspNetCompiler.VirtualPath = "/localhost_51982"
		Release.AspNetCompiler.PhysicalPath = "..\backup\github.checkout-net-library-master - 201512170955\jssolution\"
		Release.AspNetCompiler.TargetPath = "PrecompiledWeb\localhost_51982\"
		Release.AspNetCompiler.Updateable = "true"
		Release.AspNetCompiler.ForceOverwrite = "true"
		Release.AspNetCompiler.FixedNames = "false"
		Release.AspNetCompiler.Debug = "False"
		SlnRelativePath = "..\backup\github.checkout-net-library-master - 201512170955\jssolution\"
		DefaultWebSiteLanguage = "Visual C#"
	EndProjectSection
EndProject
Project("{E24C65DC-7377-472B-9ABA-BC803B73C61A}") = "ckosite", "http://localhost:51982", "{36F0C8E7-91F5-4032-8932-DCEC31F58CCD}"
	ProjectSection(WebsiteProperties) = preProject
		UseIISExpress = "true"
		TargetFrameworkMoniker = ".NETFramework,Version%3Dv4.5"
		Debug.AspNetCompiler.VirtualPath = "/localhost_51982"
		Debug.AspNetCompiler.PhysicalPath = "ckosite\"
		Debug.AspNetCompiler.TargetPath = "PrecompiledWeb\localhost_51982\"
		Debug.AspNetCompiler.Updateable = "true"
		Debug.AspNetCompiler.ForceOverwrite = "true"
		Debug.AspNetCompiler.FixedNames = "false"
		Debug.AspNetCompiler.Debug = "True"
		Release.AspNetCompiler.VirtualPath = "/localhost_51982"
		Release.AspNetCompiler.PhysicalPath = "ckosite\"
		Release.AspNetCompiler.TargetPath = "PrecompiledWeb\localhost_51982\"
		Release.AspNetCompiler.Updateable = "true"
		Release.AspNetCompiler.ForceOverwrite = "true"
		Release.AspNetCompiler.FixedNames = "false"
		Release.AspNetCompiler.Debug = "False"
		SlnRelativePath = "ckosite\"
	EndProjectSection
EndProject
Global
	GlobalSection(SolutionConfigurationPlatforms) = preSolution
		Debug|Any CPU = Debug|Any CPU
		Release|Any CPU = Release|Any CPU
	EndGlobalSection
	GlobalSection(ProjectConfigurationPlatforms) = postSolution
		{1C69B996-8AB6-4BA2-A5AE-58A350CBB34B}.Debug|Any CPU.ActiveCfg = Debug|Any CPU
		{1C69B996-8AB6-4BA2-A5AE-58A350CBB34B}.Debug|Any CPU.Build.0 = Debug|Any CPU
		{1C69B996-8AB6-4BA2-A5AE-58A350CBB34B}.Release|Any CPU.ActiveCfg = Release|Any CPU
		{1C69B996-8AB6-4BA2-A5AE-58A350CBB34B}.Release|Any CPU.Build.0 = Release|Any CPU
		{EC891A3C-20BF-4AB7-9B39-6C4120F99EB2}.Debug|Any CPU.ActiveCfg = Debug|Any CPU
		{EC891A3C-20BF-4AB7-9B39-6C4120F99EB2}.Debug|Any CPU.Build.0 = Debug|Any CPU
		{EC891A3C-20BF-4AB7-9B39-6C4120F99EB2}.Release|Any CPU.ActiveCfg = Release|Any CPU
		{EC891A3C-20BF-4AB7-9B39-6C4120F99EB2}.Release|Any CPU.Build.0 = Release|Any CPU
		{1DD8C7C2-C292-45DD-843D-BB78A5B3D701}.Debug|Any CPU.ActiveCfg = Debug|Any CPU
		{1DD8C7C2-C292-45DD-843D-BB78A5B3D701}.Debug|Any CPU.Build.0 = Debug|Any CPU
		{1DD8C7C2-C292-45DD-843D-BB78A5B3D701}.Release|Any CPU.ActiveCfg = Debug|Any CPU
		{1DD8C7C2-C292-45DD-843D-BB78A5B3D701}.Release|Any CPU.Build.0 = Debug|Any CPU
		{36F0C8E7-91F5-4032-8932-DCEC31F58CCD}.Debug|Any CPU.ActiveCfg = Debug|Any CPU
		{36F0C8E7-91F5-4032-8932-DCEC31F58CCD}.Debug|Any CPU.Build.0 = Debug|Any CPU
		{36F0C8E7-91F5-4032-8932-DCEC31F58CCD}.Release|Any CPU.ActiveCfg = Debug|Any CPU
		{36F0C8E7-91F5-4032-8932-DCEC31F58CCD}.Release|Any CPU.Build.0 = Debug|Any CPU
	EndGlobalSection
	GlobalSection(SolutionProperties) = preSolution
		HideSolutionNode = FALSE
	EndGlobalSection
EndGlobal
